
Microsoft Visual Studio Solution File, Format Version 12.00
# Visual Studio Version 17
VisualStudioVersion = 17.11.35431.28
MinimumVisualStudioVersion = 10.0.40219.1
Project("{FAE04EC0-301F-11D3-BF4B-00C04F79EFBC}") = "ArraysAndListNew", "ArraysAndListNew.csproj", "{58E6CB9D-96F5-451A-87E2-CA43604FA96F}"
EndProject
Global
	GlobalSection(SolutionConfigurationPlatforms) = preSolution
		Debug|Any CPU = Debug|Any CPU
		Release|Any CPU = Release|Any CPU
	EndGlobalSection
	GlobalSection(ProjectConfigurationPlatforms) = postSolution
		{58E6CB9D-96F5-451A-87E2-CA43604FA96F}.Debug|Any CPU.ActiveCfg = Debug|Any CPU
		{58E6CB9D-96F5-451A-87E2-CA43604FA96F}.Debug|Any CPU.Build.0 = Debug|Any CPU
		{58E6CB9D-96F5-451A-87E2-CA43604FA96F}.Release|Any CPU.ActiveCfg = Release|Any CPU
		{58E6CB9D-96F5-451A-87E2-CA43604FA96F}.Release|Any CPU.Build.0 = Release|Any CPU
	EndGlobalSection
	GlobalSection(SolutionProperties) = preSolution
		HideSolutionNode = FALSE
	EndGlobalSection
	GlobalSection(ExtensibilityGlobals) = postSolution
		SolutionGuid = {B1779A07-0DEF-4314-AF84-9D7343F798A3}
	EndGlobalSection
EndGlobal
